
Microsoft Visual Studio Solution File, Format Version 12.00
# Visual Studio Version 17
VisualStudioVersion = 17.11.35327.3
MinimumVisualStudioVersion = 10.0.40219.1
Project("{FAE04EC0-301F-11D3-BF4B-00C04F79EFBC}") = "For loops", "For loops\For loops.csproj", "{B0CB8A1B-21B7-4655-AAC9-F5C053D67A02}"
EndProject
Global
	GlobalSection(SolutionConfigurationPlatforms) = preSolution
		Debug|Any CPU = Debug|Any CPU
		Release|Any CPU = Release|Any CPU
	EndGlobalSection
	GlobalSection(ProjectConfigurationPlatforms) = postSolution
		{B0CB8A1B-21B7-4655-AAC9-F5C053D67A02}.Debug|Any CPU.ActiveCfg = Debug|Any CPU
		{B0CB8A1B-21B7-4655-AAC9-F5C053D67A02}.Debug|Any CPU.Build.0 = Debug|Any CPU
		{B0CB8A1B-21B7-4655-AAC9-F5C053D67A02}.Release|Any CPU.ActiveCfg = Release|Any CPU
		{B0CB8A1B-21B7-4655-AAC9-F5C053D67A02}.Release|Any CPU.Build.0 = Release|Any CPU
	EndGlobalSection
	GlobalSection(SolutionProperties) = preSolution
		HideSolutionNode = FALSE
	EndGlobalSection
	GlobalSection(ExtensibilityGlobals) = postSolution
		SolutionGuid = {BED2B752-1B68-47AC-A066-1CE93637D0EB}
	EndGlobalSection
EndGlobal
